// !$*UTF8*$!
{
	archiveVersion = 1;
	classes = {
	};
	objectVersion = 56;
	objects = {

/* Begin PBXBuildFile section */
		58C6A906291E2A0B001216AD /* AppDelegate.swift in Sources */ = {isa = PBXBuildFile; fileRef = 58C6A905291E2A0B001216AD /* AppDelegate.swift */; };
		58C6A908291E2A0B001216AD /* SceneDelegate.swift in Sources */ = {isa = PBXBuildFile; fileRef = 58C6A907291E2A0B001216AD /* SceneDelegate.swift */; };
		58C6A90A291E2A0B001216AD /* ViewController.swift in Sources */ = {isa = PBXBuildFile; fileRef = 58C6A909291E2A0B001216AD /* ViewController.swift */; };
		58C6A90D291E2A0B001216AD /* Main.storyboard in Resources */ = {isa = PBXBuildFile; fileRef = 58C6A90B291E2A0B001216AD /* Main.storyboard */; };
		58C6A90F291E2A0F001216AD /* Assets.xcassets in Resources */ = {isa = PBXBuildFile; fileRef = 58C6A90E291E2A0F001216AD /* Assets.xcassets */; };
		58C6A912291E2A0F001216AD /* LaunchScreen.storyboard in Resources */ = {isa = PBXBuildFile; fileRef = 58C6A910291E2A0F001216AD /* LaunchScreen.storyboard */; };
		58C6A91F291E2A71001216AD /* 1.png in Resources */ = {isa = PBXBuildFile; fileRef = 58C6A919291E2A71001216AD /* 1.png */; };
		58C6A920291E2A71001216AD /* 5.png in Resources */ = {isa = PBXBuildFile; fileRef = 58C6A91A291E2A71001216AD /* 5.png */; };
		58C6A921291E2A71001216AD /* 3.png in Resources */ = {isa = PBXBuildFile; fileRef = 58C6A91B291E2A71001216AD /* 3.png */; };
		58C6A922291E2A71001216AD /* 6.png in Resources */ = {isa = PBXBuildFile; fileRef = 58C6A91C291E2A71001216AD /* 6.png */; };
		58C6A923291E2A71001216AD /* 2.png in Resources */ = {isa = PBXBuildFile; fileRef = 58C6A91D291E2A71001216AD /* 2.png */; };
		58C6A924291E2A71001216AD /* 4.png in Resources */ = {isa = PBXBuildFile; fileRef = 58C6A91E291E2A71001216AD /* 4.png */; };
/* End PBXBuildFile section */

/* Begin PBXFileReference section */
		58C6A902291E2A0B001216AD /* ImageViewer.app */ = {isa = PBXFileReference; explicitFileType = wrapper.application; includeInIndex = 0; path = ImageViewer.app; sourceTree = BUILT_PRODUCTS_DIR; };
		58C6A905291E2A0B001216AD /* AppDelegate.swift */ = {isa = PBXFileReference; lastKnownFileType = sourcecode.swift; path = AppDelegate.swift; sourceTree = "<group>"; };
		58C6A907291E2A0B001216AD /* SceneDelegate.swift */ = {isa = PBXFileReference; lastKnownFileType = sourcecode.swift; path = SceneDelegate.swift; sourceTree = "<group>"; };
		58C6A909291E2A0B001216AD /* ViewController.swift */ = {isa = PBXFileReference; lastKnownFileType = sourcecode.swift; path = ViewController.swift; sourceTree = "<group>"; };
		58C6A90C291E2A0B001216AD /* Base */ = {isa = PBXFileReference; lastKnownFileType = file.storyboard; name = Base; path = Base.lproj/Main.storyboard; sourceTree = "<group>"; };
		58C6A90E291E2A0F001216AD /* Assets.xcassets */ = {isa = PBXFileReference; lastKnownFileType = folder.assetcatalog; path = Assets.xcassets; sourceTree = "<group>"; };
		58C6A911291E2A0F001216AD /* Base */ = {isa = PBXFileReference; lastKnownFileType = file.storyboard; name = Base; path = Base.lproj/LaunchScreen.storyboard; sourceTree = "<group>"; };
		58C6A913291E2A0F001216AD /* Info.plist */ = {isa = PBXFileReference; lastKnownFileType = text.plist.xml; path = Info.plist; sourceTree = "<group>"; };
		58C6A919291E2A71001216AD /* 1.png */ = {isa = PBXFileReference; lastKnownFileType = image.png; path = 1.png; sourceTree = "<group>"; };
		58C6A91A291E2A71001216AD /* 5.png */ = {isa = PBXFileReference; lastKnownFileType = image.png; path = 5.png; sourceTree = "<group>"; };
		58C6A91B291E2A71001216AD /* 3.png */ = {isa = PBXFileReference; lastKnownFileType = image.png; path = 3.png; sourceTree = "<group>"; };
		58C6A91C291E2A71001216AD /* 6.png */ = {isa = PBXFileReference; lastKnownFileType = image.png; path = 6.png; sourceTree = "<group>"; };
		58C6A91D291E2A71001216AD /* 2.png */ = {isa = PBXFileReference; lastKnownFileType = image.png; path = 2.png; sourceTree = "<group>"; };
		58C6A91E291E2A71001216AD /* 4.png */ = {isa = PBXFileReference; lastKnownFileType = image.png; path = 4.png; sourceTree = "<group>"; };
/* End PBXFileReference section */

/* Begin PBXFrameworksBuildPhase section */
		58C6A8FF291E2A0B001216AD /* Frameworks */ = {
			isa = PBXFrameworksBuildPhase;
			buildActionMask = 2147483647;
			files = (
			);
			runOnlyForDeploymentPostprocessing = 0;
		};
/* End PBXFrameworksBuildPhase section */

/* Begin PBXGroup section */
		58C6A8F9291E2A0B001216AD = {
			isa = PBXGroup;
			children = (
				58C6A904291E2A0B001216AD /* ImageViewer */,
				58C6A903291E2A0B001216AD /* Products */,
			);
			sourceTree = "<group>";
		};
		58C6A903291E2A0B001216AD /* Products */ = {
			isa = PBXGroup;
			children = (
				58C6A902291E2A0B001216AD /* ImageViewer.app */,
			);
			name = Products;
			sourceTree = "<group>";
		};
		58C6A904291E2A0B001216AD /* ImageViewer */ = {
			isa = PBXGroup;
			children = (
				58C6A905291E2A0B001216AD /* AppDelegate.swift */,
				58C6A907291E2A0B001216AD /* SceneDelegate.swift */,
				58C6A909291E2A0B001216AD /* ViewController.swift */,
				58C6A90B291E2A0B001216AD /* Main.storyboard */,
				58C6A919291E2A71001216AD /* 1.png */,
				58C6A91D291E2A71001216AD /* 2.png */,
				58C6A91B291E2A71001216AD /* 3.png */,
				58C6A91E291E2A71001216AD /* 4.png */,
				58C6A91A291E2A71001216AD /* 5.png */,
				58C6A91C291E2A71001216AD /* 6.png */,
				58C6A90E291E2A0F001216AD /* Assets.xcassets */,
				58C6A910291E2A0F001216AD /* LaunchScreen.storyboard */,
				58C6A913291E2A0F001216AD /* Info.plist */,
			);
			path = ImageViewer;
			sourceTree = "<group>";
		};
/* End PBXGroup section */

/* Begin PBXNativeTarget section */
		58C6A901291E2A0B001216AD /* ImageViewer */ = {
			isa = PBXNativeTarget;
			buildConfigurationList = 58C6A916291E2A0F001216AD /* Build configuration list for PBXNativeTarget "ImageViewer" */;
			buildPhases = (
				58C6A8FE291E2A0B001216AD /* Sources */,
				58C6A8FF291E2A0B001216AD /* Frameworks */,
				58C6A900291E2A0B001216AD /* Resources */,
			);
			buildRules = (
			);
			dependencies = (
			);
			name = ImageViewer;
			productName = ImageViewer;
			productReference = 58C6A902291E2A0B001216AD /* ImageViewer.app */;
			productType = "com.apple.product-type.application";
		};
/* End PBXNativeTarget section */

/* Begin PBXProject section */
		58C6A8FA291E2A0B001216AD /* Project object */ = {
			isa = PBXProject;
			attributes = {
				BuildIndependentTargetsInParallel = 1;
				LastSwiftUpdateCheck = 1410;
				LastUpgradeCheck = 1410;
				TargetAttributes = {
					58C6A901291E2A0B001216AD = {
						CreatedOnToolsVersion = 14.1;
					};
				};
			};
			buildConfigurationList = 58C6A8FD291E2A0B001216AD /* Build configuration list for PBXProject "ImageViewer" */;
			compatibilityVersion = "Xcode 14.0";
			developmentRegion = en;
			hasScannedForEncodings = 0;
			knownRegions = (
				en,
				Base,
			);
			mainGroup = 58C6A8F9291E2A0B001216AD;
			productRefGroup = 58C6A903291E2A0B001216AD /* Products */;
			projectDirPath = "";
			projectRoot = "";
			targets = (
				58C6A901291E2A0B001216AD /* ImageViewer */,
			);
		};
/* End PBXProject section */

/* Begin PBXResourcesBuildPhase section */
		58C6A900291E2A0B001216AD /* Resources */ = {
			isa = PBXResourcesBuildPhase;
			buildActionMask = 2147483647;
			files = (
				58C6A924291E2A71001216AD /* 4.png in Resources */,
				58C6A922291E2A71001216AD /* 6.png in Resources */,
				58C6A912291E2A0F001216AD /* LaunchScreen.storyboard in Resources */,
				58C6A923291E2A71001216AD /* 2.png in Resources */,
				58C6A920291E2A71001216AD /* 5.png in Resources */,
				58C6A91F291E2A71001216AD /* 1.png in Resources */,
				58C6A921291E2A71001216AD /* 3.png in Resources */,
				58C6A90F291E2A0F001216AD /* Assets.xcassets in Resources */,
				58C6A90D291E2A0B001216AD /* Main.storyboard in Resources */,
			);
			runOnlyForDeploymentPostprocessing = 0;
		};
/* End PBXResourcesBuildPhase section */

/* Begin PBXSourcesBuildPhase section */
		58C6A8FE291E2A0B001216AD /* Sources */ = {
			isa = PBXSourcesBuildPhase;
			buildActionMask = 2147483647;
			files = (
				58C6A90A291E2A0B001216AD /* ViewController.swift in Sources */,
				58C6A906291E2A0B001216AD /* AppDelegate.swift in Sources */,
				58C6A908291E2A0B001216AD /* SceneDelegate.swift in Sources */,
			);
			runOnlyForDeploymentPostprocessing = 0;
		};
/* End PBXSourcesBuildPhase section */

/* Begin PBXVariantGroup section */
		58C6A90B291E2A0B001216AD /* Main.storyboard */ = {
			isa = PBXVariantGroup;
			children = (
				58C6A90C291E2A0B001216AD /* Base */,
			);
			name = Main.storyboard;
			sourceTree = "<group>";
		};
		58C6A910291E2A0F001216AD /* LaunchScreen.storyboard */ = {
			isa = PBXVariantGroup;
			children = (
				58C6A911291E2A0F001216AD /* Base */,
			);
			name = LaunchScreen.storyboard;
			sourceTree = "<group>";
		};
/* End PBXVariantGroup section */

/* Begin XCBuildConfiguration section */
		58C6A914291E2A0F001216AD /* Debug */ = {
			isa = XCBuildConfiguration;
			buildSettings = {
				ALWAYS_SEARCH_USER_PATHS = NO;
				CLANG_ANALYZER_NONNULL = YES;
				CLANG_ANALYZER_NUMBER_OBJECT_CONVERSION = YES_AGGRESSIVE;
				CLANG_CXX_LANGUAGE_STANDARD = "gnu++20";
				CLANG_ENABLE_MODULES = YES;
				CLANG_ENABLE_OBJC_ARC = YES;
				CLANG_ENABLE_OBJC_WEAK = YES;
				CLANG_WARN_BLOCK_CAPTURE_AUTORELEASING = YES;
				CLANG_WARN_BOOL_CONVERSION = YES;
				CLANG_WARN_COMMA = YES;
				CLANG_WARN_CONSTANT_CONVERSION = YES;
				CLANG_WARN_DEPRECATED_OBJC_IMPLEMENTATIONS = YES;
				CLANG_WARN_DIRECT_OBJC_ISA_USAGE = YES_ERROR;
				CLANG_WARN_DOCUMENTATION_COMMENTS = YES;
				CLANG_WARN_EMPTY_BODY = YES;
				CLANG_WARN_ENUM_CONVERSION = YES;
				CLANG_WARN_INFINITE_RECURSION = YES;
				CLANG_WARN_INT_CONVERSION = YES;
				CLANG_WARN_NON_LITERAL_NULL_CONVERSION = YES;
				CLANG_WARN_OBJC_IMPLICIT_RETAIN_SELF = YES;
				CLANG_WARN_OBJC_LITERAL_CONVERSION = YES;
				CLANG_WARN_OBJC_ROOT_CLASS = YES_ERROR;
				CLANG_WARN_QUOTED_INCLUDE_IN_FRAMEWORK_HEADER = YES;
				CLANG_WARN_RANGE_LOOP_ANALYSIS = YES;
				CLANG_WARN_STRICT_PROTOTYPES = YES;
				CLANG_WARN_SUSPICIOUS_MOVE = YES;
				CLANG_WARN_UNGUARDED_AVAILABILITY = YES_AGGRESSIVE;
				CLANG_WARN_UNREACHABLE_CODE = YES;
				CLANG_WARN__DUPLICATE_METHOD_MATCH = YES;
				COPY_PHASE_STRIP = NO;
				DEBUG_INFORMATION_FORMAT = dwarf;
				ENABLE_STRICT_OBJC_MSGSEND = YES;
				ENABLE_TESTABILITY = YES;
				GCC_C_LANGUAGE_STANDARD = gnu11;
				GCC_DYNAMIC_NO_PIC = NO;
				GCC_NO_COMMON_BLOCKS = YES;
				GCC_OPTIMIZATION_LEVEL = 0;
				GCC_PREPROCESSOR_DEFINITIONS = (
					"DEBUG=1",
					"$(inherited)",
				);
				GCC_WARN_64_TO_32_BIT_CONVERSION = YES;
				GCC_WARN_ABOUT_RETURN_TYPE = YES_ERROR;
				GCC_WARN_UNDECLARED_SELECTOR = YES;
				GCC_WARN_UNINITIALIZED_AUTOS = YES_AGGRESSIVE;
				GCC_WARN_UNUSED_FUNCTION = YES;
				GCC_WARN_UNUSED_VARIABLE = YES;
				IPHONEOS_DEPLOYMENT_TARGET = 16.1;
				MTL_ENABLE_DEBUG_INFO = INCLUDE_SOURCE;
				MTL_FAST_MATH = YES;
				ONLY_ACTIVE_ARCH = YES;
				SDKROOT = iphoneos;
				SWIFT_ACTIVE_COMPILATION_CONDITIONS = DEBUG;
				SWIFT_OPTIMIZATION_LEVEL = "-Onone";
			};
			name = Debug;
		};
		58C6A915291E2A0F001216AD /* Release */ = {
			isa = XCBuildConfiguration;
			buildSettings = {
				ALWAYS_SEARCH_USER_PATHS = NO;
				CLANG_ANALYZER_NONNULL = YES;
				CLANG_ANALYZER_NUMBER_OBJECT_CONVERSION = YES_AGGRESSIVE;
				CLANG_CXX_LANGUAGE_STANDARD = "gnu++20";
				CLANG_ENABLE_MODULES = YES;
				CLANG_ENABLE_OBJC_ARC = YES;
				CLANG_ENABLE_OBJC_WEAK = YES;
				CLANG_WARN_BLOCK_CAPTURE_AUTORELEASING = YES;
				CLANG_WARN_BOOL_CONVERSION = YES;
				CLANG_WARN_COMMA = YES;
				CLANG_WARN_CONSTANT_CONVERSION = YES;
				CLANG_WARN_DEPRECATED_OBJC_IMPLEMENTATIONS = YES;
				CLANG_WARN_DIRECT_OBJC_ISA_USAGE = YES_ERROR;
				CLANG_WARN_DOCUMENTATION_COMMENTS = YES;
				CLANG_WARN_EMPTY_BODY = YES;
				CLANG_WARN_ENUM_CONVERSION = YES;
				CLANG_WARN_INFINITE_RECURSION = YES;
				CLANG_WARN_INT_CONVERSION = YES;
				CLANG_WARN_NON_LITERAL_NULL_CONVERSION = YES;
				CLANG_WARN_OBJC_IMPLICIT_RETAIN_SELF = YES;
				CLANG_WARN_OBJC_LITERAL_CONVERSION = YES;
				CLANG_WARN_OBJC_ROOT_CLASS = YES_ERROR;
				CLANG_WARN_QUOTED_INCLUDE_IN_FRAMEWORK_HEADER = YES;
				CLANG_WARN_RANGE_LOOP_ANALYSIS = YES;
				CLANG_WARN_STRICT_PROTOTYPES = YES;
				CLANG_WARN_SUSPICIOUS_MOVE = YES;
				CLANG_WARN_UNGUARDED_AVAILABILITY = YES_AGGRESSIVE;
				CLANG_WARN_UNREACHABLE_CODE = YES;
				CLANG_WARN__DUPLICATE_METHOD_MATCH = YES;
				COPY_PHASE_STRIP = NO;
				DEBUG_INFORMATION_FORMAT = "dwarf-with-dsym";
				ENABLE_NS_ASSERTIONS = NO;
				ENABLE_STRICT_OBJC_MSGSEND = YES;
				GCC_C_LANGUAGE_STANDARD = gnu11;
				GCC_NO_COMMON_BLOCKS = YES;
				GCC_WARN_64_TO_32_BIT_CONVERSION = YES;
				GCC_WARN_ABOUT_RETURN_TYPE = YES_ERROR;
				GCC_WARN_UNDECLARED_SELECTOR = YES;
				GCC_WARN_UNINITIALIZED_AUTOS = YES_AGGRESSIVE;
				GCC_WARN_UNUSED_FUNCTION = YES;
				GCC_WARN_UNUSED_VARIABLE = YES;
				IPHONEOS_DEPLOYMENT_TARGET = 16.1;
				MTL_ENABLE_DEBUG_INFO = NO;
				MTL_FAST_MATH = YES;
				SDKROOT = iphoneos;
				SWIFT_COMPILATION_MODE = wholemodule;
				SWIFT_OPTIMIZATION_LEVEL = "-O";
				VALIDATE_PRODUCT = YES;
			};
			name = Release;
		};
		58C6A917291E2A0F001216AD /* Debug */ = {
			isa = XCBuildConfiguration;
			buildSettings = {
				ASSETCATALOG_COMPILER_APPICON_NAME = AppIcon;
				ASSETCATALOG_COMPILER_GLOBAL_ACCENT_COLOR_NAME = AccentColor;
				CODE_SIGN_STYLE = Automatic;
				CURRENT_PROJECT_VERSION = 1;
				GENERATE_INFOPLIST_FILE = YES;
				INFOPLIST_FILE = ImageViewer/Info.plist;
				INFOPLIST_KEY_UIApplicationSupportsIndirectInputEvents = YES;
				INFOPLIST_KEY_UILaunchStoryboardName = LaunchScreen;
				INFOPLIST_KEY_UIMainStoryboardFile = Main;
				INFOPLIST_KEY_UISupportedInterfaceOrientations = UIInterfaceOrientationPortrait;
				LD_RUNPATH_SEARCH_PATHS = (
					"$(inherited)",
					"@executable_path/Frameworks",
				);
				MARKETING_VERSION = 1.0;
				PRODUCT_BUNDLE_IDENTIFIER = com.example.ImageViewer;
				PRODUCT_NAME = "$(TARGET_NAME)";
				SWIFT_EMIT_LOC_STRINGS = YES;
				SWIFT_VERSION = 5.0;
				TARGETED_DEVICE_FAMILY = "1,2";
			};
			name = Debug;
		};
		58C6A918291E2A0F001216AD /* Release */ = {
			isa = XCBuildConfiguration;
			buildSettings = {
				ASSETCATALOG_COMPILER_APPICON_NAME = AppIcon;
				ASSETCATALOG_COMPILER_GLOBAL_ACCENT_COLOR_NAME = AccentColor;
				CODE_SIGN_STYLE = Automatic;
				CURRENT_PROJECT_VERSION = 1;
				GENERATE_INFOPLIST_FILE = YES;
				INFOPLIST_FILE = ImageViewer/Info.plist;
				INFOPLIST_KEY_UIApplicationSupportsIndirectInputEvents = YES;
				INFOPLIST_KEY_UILaunchStoryboardName = LaunchScreen;
				INFOPLIST_KEY_UIMainStoryboardFile = Main;
				INFOPLIST_KEY_UISupportedInterfaceOrientations = UIInterfaceOrientationPortrait;
				LD_RUNPATH_SEARCH_PATHS = (
					"$(inherited)",
					"@executable_path/Frameworks",
				);
				MARKETING_VERSION = 1.0;
				PRODUCT_BUNDLE_IDENTIFIER = com.example.ImageViewer;
				PRODUCT_NAME = "$(TARGET_NAME)";
				SWIFT_EMIT_LOC_STRINGS = YES;
				SWIFT_VERSION = 5.0;
				TARGETED_DEVICE_FAMILY = "1,2";
			};
			name = Release;
		};
/* End XCBuildConfiguration section */

/* Begin XCConfigurationList section */
		58C6A8FD291E2A0B001216AD /* Build configuration list for PBXProject "ImageViewer" */ = {
			isa = XCConfigurationList;
			buildConfigurations = (
				58C6A914291E2A0F001216AD /* Debug */,
				58C6A915291E2A0F001216AD /* Release */,
			);
			defaultConfigurationIsVisible = 0;
			defaultConfigurationName = Release;
		};
		58C6A916291E2A0F001216AD /* Build configuration list for PBXNativeTarget "ImageViewer" */ = {
			isa = XCConfigurationList;
			buildConfigurations = (
				58C6A917291E2A0F001216AD /* Debug */,
				58C6A918291E2A0F001216AD /* Release */,
			);
			defaultConfigurationIsVisible = 0;
			defaultConfigurationName = Release;
		};
/* End XCConfigurationList section */
	};
	rootObject = 58C6A8FA291E2A0B001216AD /* Project object */;
}
